
Microsoft Visual Studio Solution File, Format Version 12.00
# Visual Studio Version 17
VisualStudioVersion = 17.13.35806.99 d17.13
MinimumVisualStudioVersion = 10.0.40219.1
Project("{FAE04EC0-301F-11D3-BF4B-00C04F79EFBC}") = "MauiAppCadProduto", "MauiAppCadProduto\MauiAppCadProduto.csproj", "{1538F140-D5E4-4C67-9F1A-5E3A59408299}"
EndProject
Global
	GlobalSection(SolutionConfigurationPlatforms) = preSolution
		Debug|Any CPU = Debug|Any CPU
		Release|Any CPU = Release|Any CPU
	EndGlobalSection
	GlobalSection(ProjectConfigurationPlatforms) = postSolution
		{1538F140-D5E4-4C67-9F1A-5E3A59408299}.Debug|Any CPU.ActiveCfg = Debug|Any CPU
		{1538F140-D5E4-4C67-9F1A-5E3A59408299}.Debug|Any CPU.Build.0 = Debug|Any CPU
		{1538F140-D5E4-4C67-9F1A-5E3A59408299}.Release|Any CPU.ActiveCfg = Release|Any CPU
		{1538F140-D5E4-4C67-9F1A-5E3A59408299}.Release|Any CPU.Build.0 = Release|Any CPU
	EndGlobalSection
	GlobalSection(SolutionProperties) = preSolution
		HideSolutionNode = FALSE
	EndGlobalSection
	GlobalSection(ExtensibilityGlobals) = postSolution
		SolutionGuid = {1DE98329-EA01-474C-9220-0E1D6739A686}
	EndGlobalSection
EndGlobal
